// !$*UTF8*$!
{
	archiveVersion = 1;
	classes = {
	};
	objectVersion = 51;
	objects = {

/* Begin PBXBuildFile section */
		80003747262876AE00364A3B /* SpinnerViewController.swift in Sources */ = {isa = PBXBuildFile; fileRef = 80003746262876AE00364A3B /* SpinnerViewController.swift */; };
		8000376A2628D45900364A3B /* MongoWrapper.swift in Sources */ = {isa = PBXBuildFile; fileRef = 800037692628D45900364A3B /* MongoWrapper.swift */; };
		800037922629B02E00364A3B /* APIWrapper.swift in Sources */ = {isa = PBXBuildFile; fileRef = 800037912629B02E00364A3B /* APIWrapper.swift */; };
		80151DA12624DC1A00F5191D /* UserProfile.swift in Sources */ = {isa = PBXBuildFile; fileRef = 80151DA02624DC1A00F5191D /* UserProfile.swift */; };
		8017935826126B3C00F9E8C3 /* UserProfileView.swift in Sources */ = {isa = PBXBuildFile; fileRef = 8017935726126B3C00F9E8C3 /* UserProfileView.swift */; };
		8017935B26126D5300F9E8C3 /* SettingsController.swift in Sources */ = {isa = PBXBuildFile; fileRef = 8017935A26126D5300F9E8C3 /* SettingsController.swift */; };
		80451269260DF06A00C052BE /* User.swift in Sources */ = {isa = PBXBuildFile; fileRef = 80451268260DF06A00C052BE /* User.swift */; };
		8045126C260E5DED00C052BE /* ImageChache.swift in Sources */ = {isa = PBXBuildFile; fileRef = 8045126B260E5DED00C052BE /* ImageChache.swift */; };
		806F347A262DC9AC00823604 /* Extensions.swift in Sources */ = {isa = PBXBuildFile; fileRef = 806F3479262DC9AC00823604 /* Extensions.swift */; };
		8076C1D726172772002E1D08 /* SignUpController.swift in Sources */ = {isa = PBXBuildFile; fileRef = 8076C1D626172772002E1D08 /* SignUpController.swift */; };
		8076C1DA2617277B002E1D08 /* RegisterController.swift in Sources */ = {isa = PBXBuildFile; fileRef = 8076C1D92617277B002E1D08 /* RegisterController.swift */; };
		8076C1DE26172796002E1D08 /* SceneDelegate.swift in Sources */ = {isa = PBXBuildFile; fileRef = 8076C1DD26172796002E1D08 /* SceneDelegate.swift */; };
		8076C1E2261727BE002E1D08 /* ViewController.swift in Sources */ = {isa = PBXBuildFile; fileRef = 8076C1E1261727BE002E1D08 /* ViewController.swift */; };
		8088EEBA240BC47E0045BE45 /* AppDelegate.swift in Sources */ = {isa = PBXBuildFile; fileRef = 8088EEB9240BC47E0045BE45 /* AppDelegate.swift */; };
		8088EEC1240BC47E0045BE45 /* Main.storyboard in Resources */ = {isa = PBXBuildFile; fileRef = 8088EEBF240BC47E0045BE45 /* Main.storyboard */; };
		8088EEC3240BC4850045BE45 /* Assets.xcassets in Resources */ = {isa = PBXBuildFile; fileRef = 8088EEC2240BC4850045BE45 /* Assets.xcassets */; };
		8088EEC6240BC4850045BE45 /* LaunchScreen.storyboard in Resources */ = {isa = PBXBuildFile; fileRef = 8088EEC4240BC4850045BE45 /* LaunchScreen.storyboard */; };
		8090FF2524129E210096CC09 /* CardViewController.swift in Sources */ = {isa = PBXBuildFile; fileRef = 8090FF2424129E210096CC09 /* CardViewController.swift */; };
		80B19E362610DB1300D2293D /* SwiftUISignUp.swift in Sources */ = {isa = PBXBuildFile; fileRef = 80B19E352610DB1300D2293D /* SwiftUISignUp.swift */; };
		80B19E3E2610E2C400D2293D /* SettingsView.swift in Sources */ = {isa = PBXBuildFile; fileRef = 80B19E3D2610E2C400D2293D /* SettingsView.swift */; };
		80B19E422610E39A00D2293D /* SettingsCell.swift in Sources */ = {isa = PBXBuildFile; fileRef = 80B19E412610E39A00D2293D /* SettingsCell.swift */; };
		80DA1EC3240C074C00DE84B6 /* UIColor.swift in Sources */ = {isa = PBXBuildFile; fileRef = 80DA1EC2240C074C00DE84B6 /* UIColor.swift */; };
		80DA1EC5240C084800DE84B6 /* Styles.swift in Sources */ = {isa = PBXBuildFile; fileRef = 80DA1EC4240C084800DE84B6 /* Styles.swift */; };
		80DA1ECC240CE02100DE84B6 /* Podfile in Resources */ = {isa = PBXBuildFile; fileRef = 80DA1ECB240CE02100DE84B6 /* Podfile */; };
		80DA1ECE240CE48F00DE84B6 /* FireBaseAuth.swift in Sources */ = {isa = PBXBuildFile; fileRef = 80DA1ECD240CE48F00DE84B6 /* FireBaseAuth.swift */; };
		80DA1ED6240D773700DE84B6 /* FirebaseDB.swift in Sources */ = {isa = PBXBuildFile; fileRef = 80DA1ED5240D773700DE84B6 /* FirebaseDB.swift */; };
		80DA1ED8240E944400DE84B6 /* AppController.swift in Sources */ = {isa = PBXBuildFile; fileRef = 80DA1ED7240E944400DE84B6 /* AppController.swift */; };
		80DA1EDC240EB28F00DE84B6 /* DummyController.swift in Sources */ = {isa = PBXBuildFile; fileRef = 80DA1EDB240EB28F00DE84B6 /* DummyController.swift */; };
		80DA1EDE240EB46200DE84B6 /* ChatViewController.swift in Sources */ = {isa = PBXBuildFile; fileRef = 80DA1EDD240EB46200DE84B6 /* ChatViewController.swift */; };
		80DA1EE22411934F00DE84B6 /* Chat.swift in Sources */ = {isa = PBXBuildFile; fileRef = 80DA1EE12411934F00DE84B6 /* Chat.swift */; };
		80DA1EE4241193A100DE84B6 /* Message.swift in Sources */ = {isa = PBXBuildFile; fileRef = 80DA1EE3241193A100DE84B6 /* Message.swift */; };
		80F2006E260D36C50072258F /* GoogleService-Info.plist in Resources */ = {isa = PBXBuildFile; fileRef = 80F2006D260D36C50072258F /* GoogleService-Info.plist */; };
		80F20071260D39BF0072258F /* ContactsViewController.swift in Sources */ = {isa = PBXBuildFile; fileRef = 80F20070260D39BF0072258F /* ContactsViewController.swift */; };
		80F20093260D51E60072258F /* CardContentView.swift in Sources */ = {isa = PBXBuildFile; fileRef = 80F20092260D51E60072258F /* CardContentView.swift */; };
		80F20097260D52410072258F /* CardModel.swift in Sources */ = {isa = PBXBuildFile; fileRef = 80F20096260D52410072258F /* CardModel.swift */; };
		80F2009A260D52AD0072258F /* CardFooterView.swift in Sources */ = {isa = PBXBuildFile; fileRef = 80F20099260D52AD0072258F /* CardFooterView.swift */; };
		80FDBDF0260F801500CA2A87 /* SwiftUISignIn.swift in Sources */ = {isa = PBXBuildFile; fileRef = 80FDBDEF260F801500CA2A87 /* SwiftUISignIn.swift */; };
		8C6AD4B6DC14A905CC1730A0 /* Pods_LoginForm.framework in Frameworks */ = {isa = PBXBuildFile; fileRef = FD0C8F726A1C8E9429931861 /* Pods_LoginForm.framework */; };
/* End PBXBuildFile section */

/* Begin PBXFileReference section */
		2E9F68A320E2B5EE0897D998 /* Pods-LoginForm.release.xcconfig */ = {isa = PBXFileReference; includeInIndex = 1; lastKnownFileType = text.xcconfig; name = "Pods-LoginForm.release.xcconfig"; path = "Target Support Files/Pods-LoginForm/Pods-LoginForm.release.xcconfig"; sourceTree = "<group>"; };
		7480C6723E882C1F8EC08551 /* Pods-LoginForm.debug.xcconfig */ = {isa = PBXFileReference; includeInIndex = 1; lastKnownFileType = text.xcconfig; name = "Pods-LoginForm.debug.xcconfig"; path = "Target Support Files/Pods-LoginForm/Pods-LoginForm.debug.xcconfig"; sourceTree = "<group>"; };
		80003746262876AE00364A3B /* SpinnerViewController.swift */ = {isa = PBXFileReference; lastKnownFileType = sourcecode.swift; path = SpinnerViewController.swift; sourceTree = "<group>"; };
		800037692628D45900364A3B /* MongoWrapper.swift */ = {isa = PBXFileReference; lastKnownFileType = sourcecode.swift; path = MongoWrapper.swift; sourceTree = "<group>"; };
		800037912629B02E00364A3B /* APIWrapper.swift */ = {isa = PBXFileReference; lastKnownFileType = sourcecode.swift; path = APIWrapper.swift; sourceTree = "<group>"; };
		80151DA02624DC1A00F5191D /* UserProfile.swift */ = {isa = PBXFileReference; lastKnownFileType = sourcecode.swift; path = UserProfile.swift; sourceTree = "<group>"; };
		8017935726126B3C00F9E8C3 /* UserProfileView.swift */ = {isa = PBXFileReference; lastKnownFileType = sourcecode.swift; path = UserProfileView.swift; sourceTree = "<group>"; };
		8017935A26126D5300F9E8C3 /* SettingsController.swift */ = {isa = PBXFileReference; lastKnownFileType = sourcecode.swift; path = SettingsController.swift; sourceTree = "<group>"; };
		80451268260DF06A00C052BE /* User.swift */ = {isa = PBXFileReference; lastKnownFileType = sourcecode.swift; path = User.swift; sourceTree = "<group>"; };
		8045126B260E5DED00C052BE /* ImageChache.swift */ = {isa = PBXFileReference; lastKnownFileType = sourcecode.swift; path = ImageChache.swift; sourceTree = "<group>"; };
		806F3479262DC9AC00823604 /* Extensions.swift */ = {isa = PBXFileReference; lastKnownFileType = sourcecode.swift; path = Extensions.swift; sourceTree = "<group>"; };
		8076C1D626172772002E1D08 /* SignUpController.swift */ = {isa = PBXFileReference; fileEncoding = 4; lastKnownFileType = sourcecode.swift; name = SignUpController.swift; path = LoginForm/src/Login/SignUpController.swift; sourceTree = SOURCE_ROOT; };
		8076C1D92617277B002E1D08 /* RegisterController.swift */ = {isa = PBXFileReference; fileEncoding = 4; lastKnownFileType = sourcecode.swift; name = RegisterController.swift; path = LoginForm/src/Login/RegisterController.swift; sourceTree = SOURCE_ROOT; };
		8076C1DD26172796002E1D08 /* SceneDelegate.swift */ = {isa = PBXFileReference; fileEncoding = 4; lastKnownFileType = sourcecode.swift; name = SceneDelegate.swift; path = src/Login/SceneDelegate.swift; sourceTree = "<group>"; };
		8076C1E1261727BE002E1D08 /* ViewController.swift */ = {isa = PBXFileReference; fileEncoding = 4; lastKnownFileType = sourcecode.swift; name = ViewController.swift; path = LoginForm/src/Login/ViewController.swift; sourceTree = SOURCE_ROOT; };
		8088EEB6240BC47E0045BE45 /* LoginForm.app */ = {isa = PBXFileReference; explicitFileType = wrapper.application; includeInIndex = 0; path = LoginForm.app; sourceTree = BUILT_PRODUCTS_DIR; };
		8088EEB9240BC47E0045BE45 /* AppDelegate.swift */ = {isa = PBXFileReference; lastKnownFileType = sourcecode.swift; path = AppDelegate.swift; sourceTree = "<group>"; };
		8088EEC0240BC47E0045BE45 /* Base */ = {isa = PBXFileReference; lastKnownFileType = file.storyboard; name = Base; path = Base.lproj/Main.storyboard; sourceTree = "<group>"; };
		8088EEC2240BC4850045BE45 /* Assets.xcassets */ = {isa = PBXFileReference; lastKnownFileType = folder.assetcatalog; path = Assets.xcassets; sourceTree = "<group>"; };
		8088EEC5240BC4850045BE45 /* Base */ = {isa = PBXFileReference; lastKnownFileType = file.storyboard; name = Base; path = Base.lproj/LaunchScreen.storyboard; sourceTree = "<group>"; };
		8088EEC7240BC4850045BE45 /* Info.plist */ = {isa = PBXFileReference; lastKnownFileType = text.plist.xml; path = Info.plist; sourceTree = "<group>"; };
		8090FF2424129E210096CC09 /* CardViewController.swift */ = {isa = PBXFileReference; lastKnownFileType = sourcecode.swift; path = CardViewController.swift; sourceTree = "<group>"; };
		80B19E352610DB1300D2293D /* SwiftUISignUp.swift */ = {isa = PBXFileReference; lastKnownFileType = sourcecode.swift; path = SwiftUISignUp.swift; sourceTree = "<group>"; };
		80B19E3D2610E2C400D2293D /* SettingsView.swift */ = {isa = PBXFileReference; lastKnownFileType = sourcecode.swift; path = SettingsView.swift; sourceTree = "<group>"; };
		80B19E412610E39A00D2293D /* SettingsCell.swift */ = {isa = PBXFileReference; lastKnownFileType = sourcecode.swift; path = SettingsCell.swift; sourceTree = "<group>"; };
		80DA1EC2240C074C00DE84B6 /* UIColor.swift */ = {isa = PBXFileReference; lastKnownFileType = sourcecode.swift; path = UIColor.swift; sourceTree = "<group>"; };
		80DA1EC4240C084800DE84B6 /* Styles.swift */ = {isa = PBXFileReference; lastKnownFileType = sourcecode.swift; path = Styles.swift; sourceTree = "<group>"; };
		80DA1ECB240CE02100DE84B6 /* Podfile */ = {isa = PBXFileReference; fileEncoding = 4; lastKnownFileType = text; path = Podfile; sourceTree = "<group>"; xcLanguageSpecificationIdentifier = xcode.lang.ruby; };
		80DA1ECD240CE48F00DE84B6 /* FireBaseAuth.swift */ = {isa = PBXFileReference; lastKnownFileType = sourcecode.swift; path = FireBaseAuth.swift; sourceTree = "<group>"; };
		80DA1ED5240D773700DE84B6 /* FirebaseDB.swift */ = {isa = PBXFileReference; lastKnownFileType = sourcecode.swift; path = FirebaseDB.swift; sourceTree = "<group>"; };
		80DA1ED7240E944400DE84B6 /* AppController.swift */ = {isa = PBXFileReference; lastKnownFileType = sourcecode.swift; path = AppController.swift; sourceTree = "<group>"; };
		80DA1EDB240EB28F00DE84B6 /* DummyController.swift */ = {isa = PBXFileReference; lastKnownFileType = sourcecode.swift; path = DummyController.swift; sourceTree = "<group>"; };
		80DA1EDD240EB46200DE84B6 /* ChatViewController.swift */ = {isa = PBXFileReference; lastKnownFileType = sourcecode.swift; path = ChatViewController.swift; sourceTree = "<group>"; };
		80DA1EE12411934F00DE84B6 /* Chat.swift */ = {isa = PBXFileReference; lastKnownFileType = sourcecode.swift; path = Chat.swift; sourceTree = "<group>"; };
		80DA1EE3241193A100DE84B6 /* Message.swift */ = {isa = PBXFileReference; lastKnownFileType = sourcecode.swift; path = Message.swift; sourceTree = "<group>"; };
		80F2006D260D36C50072258F /* GoogleService-Info.plist */ = {isa = PBXFileReference; fileEncoding = 4; lastKnownFileType = text.plist.xml; path = "GoogleService-Info.plist"; sourceTree = "<group>"; };
		80F20070260D39BF0072258F /* ContactsViewController.swift */ = {isa = PBXFileReference; lastKnownFileType = sourcecode.swift; path = ContactsViewController.swift; sourceTree = "<group>"; };
		80F20092260D51E60072258F /* CardContentView.swift */ = {isa = PBXFileReference; lastKnownFileType = sourcecode.swift; path = CardContentView.swift; sourceTree = "<group>"; };
		80F20096260D52410072258F /* CardModel.swift */ = {isa = PBXFileReference; lastKnownFileType = sourcecode.swift; path = CardModel.swift; sourceTree = "<group>"; };
		80F20099260D52AD0072258F /* CardFooterView.swift */ = {isa = PBXFileReference; lastKnownFileType = sourcecode.swift; path = CardFooterView.swift; sourceTree = "<group>"; };
		80FDBDEF260F801500CA2A87 /* SwiftUISignIn.swift */ = {isa = PBXFileReference; lastKnownFileType = sourcecode.swift; path = SwiftUISignIn.swift; sourceTree = "<group>"; };
		FD0C8F726A1C8E9429931861 /* Pods_LoginForm.framework */ = {isa = PBXFileReference; explicitFileType = wrapper.framework; includeInIndex = 0; path = Pods_LoginForm.framework; sourceTree = BUILT_PRODUCTS_DIR; };
/* End PBXFileReference section */

/* Begin PBXFrameworksBuildPhase section */
		8088EEB3240BC47E0045BE45 /* Frameworks */ = {
			isa = PBXFrameworksBuildPhase;
			buildActionMask = 2147483647;
			files = (
				8C6AD4B6DC14A905CC1730A0 /* Pods_LoginForm.framework in Frameworks */,
			);
			runOnlyForDeploymentPostprocessing = 0;
		};
/* End PBXFrameworksBuildPhase section */

/* Begin PBXGroup section */
		800037902629B01400364A3B /* API */ = {
			isa = PBXGroup;
			children = (
				800037912629B02E00364A3B /* APIWrapper.swift */,
			);
			path = API;
			sourceTree = "<group>";
		};
		8088EEAD240BC47E0045BE45 = {
			isa = PBXGroup;
			children = (
				8088EEB8240BC47E0045BE45 /* LoginForm */,
				8088EEB7240BC47E0045BE45 /* Products */,
				80DA1ECB240CE02100DE84B6 /* Podfile */,
				9DA0CA6C7811685DDC04303D /* Pods */,
				E86E8A306027FFBC3C4022AA /* Frameworks */,
			);
			sourceTree = "<group>";
		};
		8088EEB7240BC47E0045BE45 /* Products */ = {
			isa = PBXGroup;
			children = (
				8088EEB6240BC47E0045BE45 /* LoginForm.app */,
			);
			name = Products;
			sourceTree = "<group>";
		};
		8088EEB8240BC47E0045BE45 /* LoginForm */ = {
			isa = PBXGroup;
			children = (
				80DA1EC1240BFBFC00DE84B6 /* src */,
				80DA1ED3240CEA5500DE84B6 /* SwiftFiles */,
				8088EEBF240BC47E0045BE45 /* Main.storyboard */,
				8076C1DD26172796002E1D08 /* SceneDelegate.swift */,
				8088EEB9240BC47E0045BE45 /* AppDelegate.swift */,
				8088EEC2240BC4850045BE45 /* Assets.xcassets */,
				8088EEC7240BC4850045BE45 /* Info.plist */,
				8088EEC4240BC4850045BE45 /* LaunchScreen.storyboard */,
			);
			path = LoginForm;
			sourceTree = "<group>";
		};
		80B19E382610E1AF00D2293D /* FireBase */ = {
			isa = PBXGroup;
			children = (
				80DA1ED5240D773700DE84B6 /* FirebaseDB.swift */,
				80DA1ECD240CE48F00DE84B6 /* FireBaseAuth.swift */,
				800037692628D45900364A3B /* MongoWrapper.swift */,
			);
			path = FireBase;
			sourceTree = "<group>";
		};
		80B19E392610E20600D2293D /* View */ = {
			isa = PBXGroup;
			children = (
				80B19E352610DB1300D2293D /* SwiftUISignUp.swift */,
				80FDBDEF260F801500CA2A87 /* SwiftUISignIn.swift */,
			);
			path = View;
			sourceTree = "<group>";
		};
		80B19E3A2610E21A00D2293D /* Controller */ = {
			isa = PBXGroup;
			children = (
				8076C1E1261727BE002E1D08 /* ViewController.swift */,
				8076C1D92617277B002E1D08 /* RegisterController.swift */,
				8076C1D626172772002E1D08 /* SignUpController.swift */,
			);
			path = Controller;
			sourceTree = "<group>";
		};
		80B19E3B2610E23600D2293D /* Model */ = {
			isa = PBXGroup;
			children = (
				80DA1EE3241193A100DE84B6 /* Message.swift */,
				8045126B260E5DED00C052BE /* ImageChache.swift */,
				80F20091260D51CA0072258F /* Card */,
				80451268260DF06A00C052BE /* User.swift */,
				80151DA02624DC1A00F5191D /* UserProfile.swift */,
				80DA1EE12411934F00DE84B6 /* Chat.swift */,
			);
			path = Model;
			sourceTree = "<group>";
		};
		80B19E3C2610E2B400D2293D /* Settings */ = {
			isa = PBXGroup;
			children = (
				80B19E3D2610E2C400D2293D /* SettingsView.swift */,
				80B19E412610E39A00D2293D /* SettingsCell.swift */,
				8017935726126B3C00F9E8C3 /* UserProfileView.swift */,
				8017935A26126D5300F9E8C3 /* SettingsController.swift */,
			);
			path = Settings;
			sourceTree = "<group>";
		};
		80DA1EC1240BFBFC00DE84B6 /* src */ = {
			isa = PBXGroup;
			children = (
				800037902629B01400364A3B /* API */,
				80B19E3B2610E23600D2293D /* Model */,
				80B19E3C2610E2B400D2293D /* Settings */,
				80B19E382610E1AF00D2293D /* FireBase */,
				80DA1EE6241193EE00DE84B6 /* Login */,
				80DA1EE5241193A600DE84B6 /* Chat */,
			);
			path = src;
			sourceTree = "<group>";
		};
		80DA1ED3240CEA5500DE84B6 /* SwiftFiles */ = {
			isa = PBXGroup;
			children = (
				806F3479262DC9AC00823604 /* Extensions.swift */,
				80DA1EC2240C074C00DE84B6 /* UIColor.swift */,
				80DA1EC4240C084800DE84B6 /* Styles.swift */,
			);
			path = SwiftFiles;
			sourceTree = "<group>";
		};
		80DA1EE5241193A600DE84B6 /* Chat */ = {
			isa = PBXGroup;
			children = (
				80DA1ED7240E944400DE84B6 /* AppController.swift */,
				80DA1EDD240EB46200DE84B6 /* ChatViewController.swift */,
				80DA1EDB240EB28F00DE84B6 /* DummyController.swift */,
				8090FF2424129E210096CC09 /* CardViewController.swift */,
				80F20070260D39BF0072258F /* ContactsViewController.swift */,
				80003746262876AE00364A3B /* SpinnerViewController.swift */,
			);
			path = Chat;
			sourceTree = "<group>";
		};
		80DA1EE6241193EE00DE84B6 /* Login */ = {
			isa = PBXGroup;
			children = (
				80B19E3A2610E21A00D2293D /* Controller */,
				80B19E392610E20600D2293D /* View */,
				80F2006D260D36C50072258F /* GoogleService-Info.plist */,
			);
			path = Login;
			sourceTree = "<group>";
		};
		80F20091260D51CA0072258F /* Card */ = {
			isa = PBXGroup;
			children = (
				80F20092260D51E60072258F /* CardContentView.swift */,
				80F20096260D52410072258F /* CardModel.swift */,
				80F20099260D52AD0072258F /* CardFooterView.swift */,
			);
			path = Card;
			sourceTree = "<group>";
		};
		9DA0CA6C7811685DDC04303D /* Pods */ = {
			isa = PBXGroup;
			children = (
				7480C6723E882C1F8EC08551 /* Pods-LoginForm.debug.xcconfig */,
				2E9F68A320E2B5EE0897D998 /* Pods-LoginForm.release.xcconfig */,
			);
			path = Pods;
			sourceTree = "<group>";
		};
		E86E8A306027FFBC3C4022AA /* Frameworks */ = {
			isa = PBXGroup;
			children = (
				FD0C8F726A1C8E9429931861 /* Pods_LoginForm.framework */,
			);
			name = Frameworks;
			sourceTree = "<group>";
		};
/* End PBXGroup section */

/* Begin PBXNativeTarget section */
		8088EEB5240BC47E0045BE45 /* LoginForm */ = {
			isa = PBXNativeTarget;
			buildConfigurationList = 8088EECA240BC4850045BE45 /* Build configuration list for PBXNativeTarget "LoginForm" */;
			buildPhases = (
				568C775A0003BCBD9D4E925A /* [CP] Check Pods Manifest.lock */,
				8088EEB2240BC47E0045BE45 /* Sources */,
				8088EEB3240BC47E0045BE45 /* Frameworks */,
				8088EEB4240BC47E0045BE45 /* Resources */,
				A8F90F367417AB5A3ED7E90A /* [CP] Embed Pods Frameworks */,
			);
			buildRules = (
			);
			dependencies = (
			);
			name = LoginForm;
			packageProductDependencies = (
			);
			productName = LoginForm;
			productReference = 8088EEB6240BC47E0045BE45 /* LoginForm.app */;
			productType = "com.apple.product-type.application";
		};
/* End PBXNativeTarget section */

/* Begin PBXProject section */
		8088EEAE240BC47E0045BE45 /* Project object */ = {
			isa = PBXProject;
			attributes = {
				LastSwiftUpdateCheck = 1130;
				LastUpgradeCheck = 1130;
				ORGANIZATIONNAME = Lukas;
				TargetAttributes = {
					8088EEB5240BC47E0045BE45 = {
						CreatedOnToolsVersion = 11.3.1;
					};
				};
			};
			buildConfigurationList = 8088EEB1240BC47E0045BE45 /* Build configuration list for PBXProject "LoginForm" */;
			compatibilityVersion = "Xcode 9.3";
			developmentRegion = en;
			hasScannedForEncodings = 0;
			knownRegions = (
				en,
				Base,
			);
			mainGroup = 8088EEAD240BC47E0045BE45;
			packageReferences = (
			);
			productRefGroup = 8088EEB7240BC47E0045BE45 /* Products */;
			projectDirPath = "";
			projectRoot = "";
			targets = (
				8088EEB5240BC47E0045BE45 /* LoginForm */,
			);
		};
/* End PBXProject section */

/* Begin PBXResourcesBuildPhase section */
		8088EEB4240BC47E0045BE45 /* Resources */ = {
			isa = PBXResourcesBuildPhase;
			buildActionMask = 2147483647;
			files = (
				80DA1ECC240CE02100DE84B6 /* Podfile in Resources */,
				8088EEC6240BC4850045BE45 /* LaunchScreen.storyboard in Resources */,
				80F2006E260D36C50072258F /* GoogleService-Info.plist in Resources */,
				8088EEC3240BC4850045BE45 /* Assets.xcassets in Resources */,
				8088EEC1240BC47E0045BE45 /* Main.storyboard in Resources */,
			);
			runOnlyForDeploymentPostprocessing = 0;
		};
/* End PBXResourcesBuildPhase section */

/* Begin PBXShellScriptBuildPhase section */
		568C775A0003BCBD9D4E925A /* [CP] Check Pods Manifest.lock */ = {
			isa = PBXShellScriptBuildPhase;
			buildActionMask = 2147483647;
			files = (
			);
			inputFileListPaths = (
			);
			inputPaths = (
				"${PODS_PODFILE_DIR_PATH}/Podfile.lock",
				"${PODS_ROOT}/Manifest.lock",
			);
			name = "[CP] Check Pods Manifest.lock";
			outputFileListPaths = (
			);
			outputPaths = (
				"$(DERIVED_FILE_DIR)/Pods-LoginForm-checkManifestLockResult.txt",
			);
			runOnlyForDeploymentPostprocessing = 0;
			shellPath = /bin/sh;
			shellScript = "diff \"${PODS_PODFILE_DIR_PATH}/Podfile.lock\" \"${PODS_ROOT}/Manifest.lock\" > /dev/null\nif [ $? != 0 ] ; then\n    # print error to STDERR\n    echo \"error: The sandbox is not in sync with the Podfile.lock. Run 'pod install' or update your CocoaPods installation.\" >&2\n    exit 1\nfi\n# This output is used by Xcode 'outputs' to avoid re-running this script phase.\necho \"SUCCESS\" > \"${SCRIPT_OUTPUT_FILE_0}\"\n";
			showEnvVarsInLog = 0;
		};
		A8F90F367417AB5A3ED7E90A /* [CP] Embed Pods Frameworks */ = {
			isa = PBXShellScriptBuildPhase;
			buildActionMask = 2147483647;
			files = (
			);
			inputFileListPaths = (
				"${PODS_ROOT}/Target Support Files/Pods-LoginForm/Pods-LoginForm-frameworks-${CONFIGURATION}-input-files.xcfilelist",
			);
			name = "[CP] Embed Pods Frameworks";
			outputFileListPaths = (
				"${PODS_ROOT}/Target Support Files/Pods-LoginForm/Pods-LoginForm-frameworks-${CONFIGURATION}-output-files.xcfilelist",
			);
			runOnlyForDeploymentPostprocessing = 0;
			shellPath = /bin/sh;
			shellScript = "\"${PODS_ROOT}/Target Support Files/Pods-LoginForm/Pods-LoginForm-frameworks.sh\"\n";
			showEnvVarsInLog = 0;
		};
/* End PBXShellScriptBuildPhase section */

/* Begin PBXSourcesBuildPhase section */
		8088EEB2240BC47E0045BE45 /* Sources */ = {
			isa = PBXSourcesBuildPhase;
			buildActionMask = 2147483647;
			files = (
				8017935B26126D5300F9E8C3 /* SettingsController.swift in Sources */,
				80DA1EE22411934F00DE84B6 /* Chat.swift in Sources */,
				80DA1EDC240EB28F00DE84B6 /* DummyController.swift in Sources */,
				80FDBDF0260F801500CA2A87 /* SwiftUISignIn.swift in Sources */,
				80DA1ECE240CE48F00DE84B6 /* FireBaseAuth.swift in Sources */,
				8090FF2524129E210096CC09 /* CardViewController.swift in Sources */,
				8017935826126B3C00F9E8C3 /* UserProfileView.swift in Sources */,
				80F2009A260D52AD0072258F /* CardFooterView.swift in Sources */,
				80DA1ED8240E944400DE84B6 /* AppController.swift in Sources */,
				80F20097260D52410072258F /* CardModel.swift in Sources */,
				8076C1DA2617277B002E1D08 /* RegisterController.swift in Sources */,
				800037922629B02E00364A3B /* APIWrapper.swift in Sources */,
				80F20071260D39BF0072258F /* ContactsViewController.swift in Sources */,
				80B19E3E2610E2C400D2293D /* SettingsView.swift in Sources */,
				80451269260DF06A00C052BE /* User.swift in Sources */,
				80003747262876AE00364A3B /* SpinnerViewController.swift in Sources */,
				80DA1EC5240C084800DE84B6 /* Styles.swift in Sources */,
				8076C1DE26172796002E1D08 /* SceneDelegate.swift in Sources */,
				80151DA12624DC1A00F5191D /* UserProfile.swift in Sources */,
				80DA1ED6240D773700DE84B6 /* FirebaseDB.swift in Sources */,
				80B19E422610E39A00D2293D /* SettingsCell.swift in Sources */,
				8076C1E2261727BE002E1D08 /* ViewController.swift in Sources */,
				8045126C260E5DED00C052BE /* ImageChache.swift in Sources */,
				80B19E362610DB1300D2293D /* SwiftUISignUp.swift in Sources */,
				80DA1EC3240C074C00DE84B6 /* UIColor.swift in Sources */,
				80F20093260D51E60072258F /* CardContentView.swift in Sources */,
				8076C1D726172772002E1D08 /* SignUpController.swift in Sources */,
				806F347A262DC9AC00823604 /* Extensions.swift in Sources */,
				8000376A2628D45900364A3B /* MongoWrapper.swift in Sources */,
				8088EEBA240BC47E0045BE45 /* AppDelegate.swift in Sources */,
				80DA1EDE240EB46200DE84B6 /* ChatViewController.swift in Sources */,
				80DA1EE4241193A100DE84B6 /* Message.swift in Sources */,
			);
			runOnlyForDeploymentPostprocessing = 0;
		};
/* End PBXSourcesBuildPhase section */

/* Begin PBXVariantGroup section */
		8088EEBF240BC47E0045BE45 /* Main.storyboard */ = {
			isa = PBXVariantGroup;
			children = (
				8088EEC0240BC47E0045BE45 /* Base */,
			);
			name = Main.storyboard;
			sourceTree = "<group>";
		};
		8088EEC4240BC4850045BE45 /* LaunchScreen.storyboard */ = {
			isa = PBXVariantGroup;
			children = (
				8088EEC5240BC4850045BE45 /* Base */,
			);
			name = LaunchScreen.storyboard;
			sourceTree = "<group>";
		};
/* End PBXVariantGroup section */

/* Begin XCBuildConfiguration section */
		8088EEC8240BC4850045BE45 /* Debug */ = {
			isa = XCBuildConfiguration;
			buildSettings = {
				ALWAYS_SEARCH_USER_PATHS = NO;
				CLANG_ANALYZER_NONNULL = YES;
				CLANG_ANALYZER_NUMBER_OBJECT_CONVERSION = YES_AGGRESSIVE;
				CLANG_CXX_LANGUAGE_STANDARD = "gnu++14";
				CLANG_CXX_LIBRARY = "libc++";
				CLANG_ENABLE_MODULES = YES;
				CLANG_ENABLE_OBJC_ARC = YES;
				CLANG_ENABLE_OBJC_WEAK = YES;
				CLANG_WARN_BLOCK_CAPTURE_AUTORELEASING = YES;
				CLANG_WARN_BOOL_CONVERSION = YES;
				CLANG_WARN_COMMA = YES;
				CLANG_WARN_CONSTANT_CONVERSION = YES;
				CLANG_WARN_DEPRECATED_OBJC_IMPLEMENTATIONS = YES;
				CLANG_WARN_DIRECT_OBJC_ISA_USAGE = YES_ERROR;
				CLANG_WARN_DOCUMENTATION_COMMENTS = YES;
				CLANG_WARN_EMPTY_BODY = YES;
				CLANG_WARN_ENUM_CONVERSION = YES;
				CLANG_WARN_INFINITE_RECURSION = YES;
				CLANG_WARN_INT_CONVERSION = YES;
				CLANG_WARN_NON_LITERAL_NULL_CONVERSION = YES;
				CLANG_WARN_OBJC_IMPLICIT_RETAIN_SELF = YES;
				CLANG_WARN_OBJC_LITERAL_CONVERSION = YES;
				CLANG_WARN_OBJC_ROOT_CLASS = YES_ERROR;
				CLANG_WARN_RANGE_LOOP_ANALYSIS = YES;
				CLANG_WARN_STRICT_PROTOTYPES = YES;
				CLANG_WARN_SUSPICIOUS_MOVE = YES;
				CLANG_WARN_UNGUARDED_AVAILABILITY = YES_AGGRESSIVE;
				CLANG_WARN_UNREACHABLE_CODE = YES;
				CLANG_WARN__DUPLICATE_METHOD_MATCH = YES;
				COPY_PHASE_STRIP = NO;
				DEBUG_INFORMATION_FORMAT = dwarf;
				ENABLE_STRICT_OBJC_MSGSEND = YES;
				ENABLE_TESTABILITY = YES;
				GCC_C_LANGUAGE_STANDARD = gnu11;
				GCC_DYNAMIC_NO_PIC = NO;
				GCC_NO_COMMON_BLOCKS = YES;
				GCC_OPTIMIZATION_LEVEL = 0;
				GCC_PREPROCESSOR_DEFINITIONS = (
					"DEBUG=1",
					"$(inherited)",
				);
				GCC_WARN_64_TO_32_BIT_CONVERSION = YES;
				GCC_WARN_ABOUT_RETURN_TYPE = YES_ERROR;
				GCC_WARN_UNDECLARED_SELECTOR = YES;
				GCC_WARN_UNINITIALIZED_AUTOS = YES_AGGRESSIVE;
				GCC_WARN_UNUSED_FUNCTION = YES;
				GCC_WARN_UNUSED_VARIABLE = YES;
				IPHONEOS_DEPLOYMENT_TARGET = 13.2;
				MTL_ENABLE_DEBUG_INFO = INCLUDE_SOURCE;
				MTL_FAST_MATH = YES;
				ONLY_ACTIVE_ARCH = YES;
				SDKROOT = iphoneos;
				SWIFT_ACTIVE_COMPILATION_CONDITIONS = DEBUG;
				SWIFT_OPTIMIZATION_LEVEL = "-Onone";
			};
			name = Debug;
		};
		8088EEC9240BC4850045BE45 /* Release */ = {
			isa = XCBuildConfiguration;
			buildSettings = {
				ALWAYS_SEARCH_USER_PATHS = NO;
				CLANG_ANALYZER_NONNULL = YES;
				CLANG_ANALYZER_NUMBER_OBJECT_CONVERSION = YES_AGGRESSIVE;
				CLANG_CXX_LANGUAGE_STANDARD = "gnu++14";
				CLANG_CXX_LIBRARY = "libc++";
				CLANG_ENABLE_MODULES = YES;
				CLANG_ENABLE_OBJC_ARC = YES;
				CLANG_ENABLE_OBJC_WEAK = YES;
				CLANG_WARN_BLOCK_CAPTURE_AUTORELEASING = YES;
				CLANG_WARN_BOOL_CONVERSION = YES;
				CLANG_WARN_COMMA = YES;
				CLANG_WARN_CONSTANT_CONVERSION = YES;
				CLANG_WARN_DEPRECATED_OBJC_IMPLEMENTATIONS = YES;
				CLANG_WARN_DIRECT_OBJC_ISA_USAGE = YES_ERROR;
				CLANG_WARN_DOCUMENTATION_COMMENTS = YES;
				CLANG_WARN_EMPTY_BODY = YES;
				CLANG_WARN_ENUM_CONVERSION = YES;
				CLANG_WARN_INFINITE_RECURSION = YES;
				CLANG_WARN_INT_CONVERSION = YES;
				CLANG_WARN_NON_LITERAL_NULL_CONVERSION = YES;
				CLANG_WARN_OBJC_IMPLICIT_RETAIN_SELF = YES;
				CLANG_WARN_OBJC_LITERAL_CONVERSION = YES;
				CLANG_WARN_OBJC_ROOT_CLASS = YES_ERROR;
				CLANG_WARN_RANGE_LOOP_ANALYSIS = YES;
				CLANG_WARN_STRICT_PROTOTYPES = YES;
				CLANG_WARN_SUSPICIOUS_MOVE = YES;
				CLANG_WARN_UNGUARDED_AVAILABILITY = YES_AGGRESSIVE;
				CLANG_WARN_UNREACHABLE_CODE = YES;
				CLANG_WARN__DUPLICATE_METHOD_MATCH = YES;
				COPY_PHASE_STRIP = NO;
				DEBUG_INFORMATION_FORMAT = "dwarf-with-dsym";
				ENABLE_NS_ASSERTIONS = NO;
				ENABLE_STRICT_OBJC_MSGSEND = YES;
				GCC_C_LANGUAGE_STANDARD = gnu11;
				GCC_NO_COMMON_BLOCKS = YES;
				GCC_WARN_64_TO_32_BIT_CONVERSION = YES;
				GCC_WARN_ABOUT_RETURN_TYPE = YES_ERROR;
				GCC_WARN_UNDECLARED_SELECTOR = YES;
				GCC_WARN_UNINITIALIZED_AUTOS = YES_AGGRESSIVE;
				GCC_WARN_UNUSED_FUNCTION = YES;
				GCC_WARN_UNUSED_VARIABLE = YES;
				IPHONEOS_DEPLOYMENT_TARGET = 13.2;
				MTL_ENABLE_DEBUG_INFO = NO;
				MTL_FAST_MATH = YES;
				SDKROOT = iphoneos;
				SWIFT_COMPILATION_MODE = wholemodule;
				SWIFT_OPTIMIZATION_LEVEL = "-O";
				VALIDATE_PRODUCT = YES;
			};
			name = Release;
		};
		8088EECB240BC4850045BE45 /* Debug */ = {
			isa = XCBuildConfiguration;
			baseConfigurationReference = 7480C6723E882C1F8EC08551 /* Pods-LoginForm.debug.xcconfig */;
			buildSettings = {
				ASSETCATALOG_COMPILER_APPICON_NAME = AppIcon;
				CODE_SIGN_STYLE = Automatic;
				INFOPLIST_FILE = LoginForm/Info.plist;
				LD_RUNPATH_SEARCH_PATHS = (
					"$(inherited)",
					"@executable_path/Frameworks",
				);
				PRODUCT_BUNDLE_IDENTIFIER = de.Lukas.LoginForm;
				PRODUCT_NAME = "$(TARGET_NAME)";
				SWIFT_VERSION = 5.0;
				TARGETED_DEVICE_FAMILY = "1,2";
			};
			name = Debug;
		};
		8088EECC240BC4850045BE45 /* Release */ = {
			isa = XCBuildConfiguration;
			baseConfigurationReference = 2E9F68A320E2B5EE0897D998 /* Pods-LoginForm.release.xcconfig */;
			buildSettings = {
				ASSETCATALOG_COMPILER_APPICON_NAME = AppIcon;
				CODE_SIGN_STYLE = Automatic;
				INFOPLIST_FILE = LoginForm/Info.plist;
				LD_RUNPATH_SEARCH_PATHS = (
					"$(inherited)",
					"@executable_path/Frameworks",
				);
				PRODUCT_BUNDLE_IDENTIFIER = de.Lukas.LoginForm;
				PRODUCT_NAME = "$(TARGET_NAME)";
				SWIFT_VERSION = 5.0;
				TARGETED_DEVICE_FAMILY = "1,2";
			};
			name = Release;
		};
/* End XCBuildConfiguration section */

/* Begin XCConfigurationList section */
		8088EEB1240BC47E0045BE45 /* Build configuration list for PBXProject "LoginForm" */ = {
			isa = XCConfigurationList;
			buildConfigurations = (
				8088EEC8240BC4850045BE45 /* Debug */,
				8088EEC9240BC4850045BE45 /* Release */,
			);
			defaultConfigurationIsVisible = 0;
			defaultConfigurationName = Release;
		};
		8088EECA240BC4850045BE45 /* Build configuration list for PBXNativeTarget "LoginForm" */ = {
			isa = XCConfigurationList;
			buildConfigurations = (
				8088EECB240BC4850045BE45 /* Debug */,
				8088EECC240BC4850045BE45 /* Release */,
			);
			defaultConfigurationIsVisible = 0;
			defaultConfigurationName = Release;
		};
/* End XCConfigurationList section */
	};
	rootObject = 8088EEAE240BC47E0045BE45 /* Project object */;
}
